
Microsoft Visual Studio Solution File, Format Version 12.00
# Visual Studio Version 16
VisualStudioVersion = 16.0.31005.135
MinimumVisualStudioVersion = 10.0.40219.1
Project("{FAE04EC0-301F-11D3-BF4B-00C04F79EFBC}") = "StraightenUp", "StraightenUp.csproj", "{EF6E46DD-7765-4819-BAD7-579C20AB9E3B}"
EndProject
Global
	GlobalSection(SolutionConfigurationPlatforms) = preSolution
		Debug|Any CPU = Debug|Any CPU
		Release|Any CPU = Release|Any CPU
	EndGlobalSection
	GlobalSection(ProjectConfigurationPlatforms) = postSolution
		{EF6E46DD-7765-4819-BAD7-579C20AB9E3B}.Debug|Any CPU.ActiveCfg = Debug|Any CPU
		{EF6E46DD-7765-4819-BAD7-579C20AB9E3B}.Debug|Any CPU.Build.0 = Debug|Any CPU
		{EF6E46DD-7765-4819-BAD7-579C20AB9E3B}.Release|Any CPU.ActiveCfg = Release|Any CPU
		{EF6E46DD-7765-4819-BAD7-579C20AB9E3B}.Release|Any CPU.Build.0 = Release|Any CPU
	EndGlobalSection
	GlobalSection(SolutionProperties) = preSolution
		HideSolutionNode = FALSE
	EndGlobalSection
	GlobalSection(ExtensibilityGlobals) = postSolution
		SolutionGuid = {5F8DB1C8-5D01-4C5F-8FFC-C812743049C3}
	EndGlobalSection
EndGlobal
